// !$*UTF8*$!
{
	archiveVersion = 1;
	classes = {
	};
	objectVersion = 56;
	objects = {

/* Begin PBXBuildFile section */
		A10000000000000000000001 /* HelloTukTukApp.swift in Sources */ = {isa = PBXBuildFile; fileRef = A20000000000000000000001 /* HelloTukTukApp.swift */; };
		A10000000000000000000002 /* AppState.swift in Sources */ = {isa = PBXBuildFile; fileRef = A20000000000000000000002 /* AppState.swift */; };
		A10000000000000000000003 /* RootView.swift in Sources */ = {isa = PBXBuildFile; fileRef = A20000000000000000000003 /* RootView.swift */; };
		A10000000000000000000004 /* PhoneAuthCredentials.swift in Sources */ = {isa = PBXBuildFile; fileRef = A20000000000000000000004 /* PhoneAuthCredentials.swift */; };
		A10000000000000000000005 /* AuthService.swift in Sources */ = {isa = PBXBuildFile; fileRef = A20000000000000000000005 /* AuthService.swift */; };
		A10000000000000000000006 /* AuthErrorMessages.swift in Sources */ = {isa = PBXBuildFile; fileRef = A20000000000000000000006 /* AuthErrorMessages.swift */; };
		A10000000000000000000007 /* LegalConfig.swift in Sources */ = {isa = PBXBuildFile; fileRef = A20000000000000000000007 /* LegalConfig.swift */; };
		A10000000000000000000008 /* L10n.swift in Sources */ = {isa = PBXBuildFile; fileRef = A20000000000000000000008 /* L10n.swift */; };
		A10000000000000000000009 /* UserRole.swift in Sources */ = {isa = PBXBuildFile; fileRef = A20000000000000000000009 /* UserRole.swift */; };
		A10000000000000000000010 /* FirebaseBootstrap.swift in Sources */ = {isa = PBXBuildFile; fileRef = A20000000000000000000010 /* FirebaseBootstrap.swift */; };
		A10000000000000000000011 /* PushNotificationService.swift in Sources */ = {isa = PBXBuildFile; fileRef = A20000000000000000000011 /* PushNotificationService.swift */; };
		A10000000000000000000012 /* SessionService.swift in Sources */ = {isa = PBXBuildFile; fileRef = A20000000000000000000012 /* SessionService.swift */; };
		A10000000000000000000013 /* UserRepository.swift in Sources */ = {isa = PBXBuildFile; fileRef = A20000000000000000000013 /* UserRepository.swift */; };
		A10000000000000000000014 /* BrandColors.swift in Sources */ = {isa = PBXBuildFile; fileRef = A20000000000000000000014 /* BrandColors.swift */; };
		A10000000000000000000015 /* AppComponents.swift in Sources */ = {isa = PBXBuildFile; fileRef = A20000000000000000000015 /* AppComponents.swift */; };
		A10000000000000000000016 /* ModeChooserView.swift in Sources */ = {isa = PBXBuildFile; fileRef = A20000000000000000000016 /* ModeChooserView.swift */; };
		A10000000000000000000017 /* LoginView.swift in Sources */ = {isa = PBXBuildFile; fileRef = A20000000000000000000017 /* LoginView.swift */; };
		A10000000000000000000018 /* SignupView.swift in Sources */ = {isa = PBXBuildFile; fileRef = A20000000000000000000018 /* SignupView.swift */; };
		A10000000000000000000020 /* Assets.xcassets in Resources */ = {isa = PBXBuildFile; fileRef = A20000000000000000000020 /* Assets.xcassets */; };
		A10000000000000000000021 /* GoogleService-Info.plist in Resources */ = {isa = PBXBuildFile; fileRef = A20000000000000000000021 /* GoogleService-Info.plist */; };
		A10000000000000000000022 /* FirebaseAuth in Frameworks */ = {isa = PBXBuildFile; productRef = A50000000000000000000001 /* FirebaseAuth */; };
		A10000000000000000000023 /* FirebaseFirestore in Frameworks */ = {isa = PBXBuildFile; productRef = A50000000000000000000002 /* FirebaseFirestore */; };
		A10000000000000000000024 /* FirebaseMessaging in Frameworks */ = {isa = PBXBuildFile; productRef = A50000000000000000000003 /* FirebaseMessaging */; };
		A10000000000000000000025 /* FirebaseFunctions in Frameworks */ = {isa = PBXBuildFile; productRef = A50000000000000000000004 /* FirebaseFunctions */; };
		A10000000000000000000026 /* FirebaseCore in Frameworks */ = {isa = PBXBuildFile; productRef = A50000000000000000000005 /* FirebaseCore */; };
		A10000000000000000000027 /* AppShellView.swift in Sources */ = {isa = PBXBuildFile; fileRef = A20000000000000000000025 /* AppShellView.swift */; };
		A10000000000000000000028 /* DriverModels.swift in Sources */ = {isa = PBXBuildFile; fileRef = A20000000000000000000026 /* DriverModels.swift */; };
		A10000000000000000000029 /* StorageService.swift in Sources */ = {isa = PBXBuildFile; fileRef = A20000000000000000000027 /* StorageService.swift */; };
		A10000000000000000000030 /* DriverRepository.swift in Sources */ = {isa = PBXBuildFile; fileRef = A20000000000000000000028 /* DriverRepository.swift */; };
		A10000000000000000000031 /* ForgotPasswordView.swift in Sources */ = {isa = PBXBuildFile; fileRef = A20000000000000000000029 /* ForgotPasswordView.swift */; };
		A10000000000000000000032 /* PhotoUploadField.swift in Sources */ = {isa = PBXBuildFile; fileRef = A20000000000000000000030 /* PhotoUploadField.swift */; };
		A10000000000000000000033 /* DriverSignupView.swift in Sources */ = {isa = PBXBuildFile; fileRef = A20000000000000000000031 /* DriverSignupView.swift */; };
		A10000000000000000000034 /* ProfileView.swift in Sources */ = {isa = PBXBuildFile; fileRef = A20000000000000000000032 /* ProfileView.swift */; };
		A10000000000000000000035 /* FirebaseStorage in Frameworks */ = {isa = PBXBuildFile; productRef = A50000000000000000000006 /* FirebaseStorage */; };
		A10000000000000000000036 /* MapsConfig.swift in Sources */ = {isa = PBXBuildFile; fileRef = A20000000000000000000033 /* MapsConfig.swift */; };
		A10000000000000000000037 /* BabilRegions.swift in Sources */ = {isa = PBXBuildFile; fileRef = A20000000000000000000034 /* BabilRegions.swift */; };
		A10000000000000000000038 /* GeoMath.swift in Sources */ = {isa = PBXBuildFile; fileRef = A20000000000000000000035 /* GeoMath.swift */; };
		A10000000000000000000090 /* Geohash.swift in Sources */ = {isa = PBXBuildFile; fileRef = A20000000000000000000090 /* Geohash.swift */; };
		A10000000000000000000091 /* MapPresenceConfig.swift in Sources */ = {isa = PBXBuildFile; fileRef = A20000000000000000000091 /* MapPresenceConfig.swift */; };
		A10000000000000000000092 /* MapPresence.swift in Sources */ = {isa = PBXBuildFile; fileRef = A20000000000000000000092 /* MapPresence.swift */; };
		A10000000000000000000093 /* NearbyProvidersService.swift in Sources */ = {isa = PBXBuildFile; fileRef = A20000000000000000000093 /* NearbyProvidersService.swift */; };
		A10000000000000000000094 /* WalletModels.swift in Sources */ = {isa = PBXBuildFile; fileRef = A20000000000000000000094 /* WalletModels.swift */; };
		A10000000000000000000095 /* WalletService.swift in Sources */ = {isa = PBXBuildFile; fileRef = A20000000000000000000095 /* WalletService.swift */; };
		A10000000000000000000096 /* DriverWalletView.swift in Sources */ = {isa = PBXBuildFile; fileRef = A20000000000000000000096 /* DriverWalletView.swift */; };
		A10000000000000000000097 /* ServiceAreaCatalog.swift in Sources */ = {isa = PBXBuildFile; fileRef = A20000000000000000000097 /* ServiceAreaCatalog.swift */; };
		A10000000000000000000098 /* BusinessModels.swift in Sources */ = {isa = PBXBuildFile; fileRef = A20000000000000000000098 /* BusinessModels.swift */; };
		A10000000000000000000099 /* BusinessService.swift in Sources */ = {isa = PBXBuildFile; fileRef = A20000000000000000000099 /* BusinessService.swift */; };
		A1000000000000000000009A /* CustomerHomeShellView.swift in Sources */ = {isa = PBXBuildFile; fileRef = A2000000000000000000009A /* CustomerHomeShellView.swift */; };
		A1000000000000000000009B /* MarketplaceHomeView.swift in Sources */ = {isa = PBXBuildFile; fileRef = A2000000000000000000009B /* MarketplaceHomeView.swift */; };
		A1000000000000000000009C /* BusinessStoreView.swift in Sources */ = {isa = PBXBuildFile; fileRef = A2000000000000000000009C /* BusinessStoreView.swift */; };
		A1000000000000000000009D /* DriverDeliveryOrdersPanel.swift in Sources */ = {isa = PBXBuildFile; fileRef = A2000000000000000000009D /* DriverDeliveryOrdersPanel.swift */; };
		A10000000000000000000039 /* RideModels.swift in Sources */ = {isa = PBXBuildFile; fileRef = A20000000000000000000036 /* RideModels.swift */; };
		A10000000000000000000040 /* PricingModels.swift in Sources */ = {isa = PBXBuildFile; fileRef = A20000000000000000000037 /* PricingModels.swift */; };
		A10000000000000000000041 /* PricingService.swift in Sources */ = {isa = PBXBuildFile; fileRef = A20000000000000000000038 /* PricingService.swift */; };
		A10000000000000000000042 /* LocationService.swift in Sources */ = {isa = PBXBuildFile; fileRef = A20000000000000000000039 /* LocationService.swift */; };
		A10000000000000000000043 /* RideRepository.swift in Sources */ = {isa = PBXBuildFile; fileRef = A20000000000000000000040 /* RideRepository.swift */; };
		A10000000000000000000044 /* GoogleMapView.swift in Sources */ = {isa = PBXBuildFile; fileRef = A20000000000000000000041 /* GoogleMapView.swift */; };
		A10000000000000000000045 /* CustomerAppEntryView.swift in Sources */ = {isa = PBXBuildFile; fileRef = A20000000000000000000042 /* CustomerAppEntryView.swift */; };
		A10000000000000000000046 /* CustomerHomeMapView.swift in Sources */ = {isa = PBXBuildFile; fileRef = A20000000000000000000043 /* CustomerHomeMapView.swift */; };
		A10000000000000000000047 /* BookRideView.swift in Sources */ = {isa = PBXBuildFile; fileRef = A20000000000000000000044 /* BookRideView.swift */; };
		A10000000000000000000048 /* CustomerActiveRideShell.swift in Sources */ = {isa = PBXBuildFile; fileRef = A20000000000000000000045 /* CustomerActiveRideShell.swift */; };
		A10000000000000000000049 /* GoogleMaps in Frameworks */ = {isa = PBXBuildFile; productRef = A50000000000000000000007 /* GoogleMaps */; };
		A10000000000000000000050 /* CommissionService.swift in Sources */ = {isa = PBXBuildFile; fileRef = A20000000000000000000046 /* CommissionService.swift */; };
		A10000000000000000000051 /* DriverLocationPublisher.swift in Sources */ = {isa = PBXBuildFile; fileRef = A20000000000000000000047 /* DriverLocationPublisher.swift */; };
		A10000000000000000000052 /* DriverAppEntryView.swift in Sources */ = {isa = PBXBuildFile; fileRef = A20000000000000000000048 /* DriverAppEntryView.swift */; };
		A10000000000000000000053 /* DriverHomeView.swift in Sources */ = {isa = PBXBuildFile; fileRef = A20000000000000000000049 /* DriverHomeView.swift */; };
		A10000000000000000000054 /* TripCompletedView.swift in Sources */ = {isa = PBXBuildFile; fileRef = A20000000000000000000050 /* TripCompletedView.swift */; };
		A10000000000000000000055 /* SessionGuardView.swift in Sources */ = {isa = PBXBuildFile; fileRef = A20000000000000000000051 /* SessionGuardView.swift */; };
		A10000000000000000000056 /* GooglePlacesService.swift in Sources */ = {isa = PBXBuildFile; fileRef = A20000000000000000000052 /* GooglePlacesService.swift */; };
		A10000000000000000000057 /* ChatService.swift in Sources */ = {isa = PBXBuildFile; fileRef = A20000000000000000000053 /* ChatService.swift */; };
		A10000000000000000000058 /* SupportService.swift in Sources */ = {isa = PBXBuildFile; fileRef = A20000000000000000000054 /* SupportService.swift */; };
		A10000000000000000000059 /* PromoModels.swift in Sources */ = {isa = PBXBuildFile; fileRef = A20000000000000000000055 /* PromoModels.swift */; };
		A10000000000000000000060 /* PlaceSearchView.swift in Sources */ = {isa = PBXBuildFile; fileRef = A20000000000000000000056 /* PlaceSearchView.swift */; };
		A10000000000000000000061 /* RideChatView.swift in Sources */ = {isa = PBXBuildFile; fileRef = A20000000000000000000057 /* RideChatView.swift */; };
		A10000000000000000000062 /* SupportView.swift in Sources */ = {isa = PBXBuildFile; fileRef = A20000000000000000000058 /* SupportView.swift */; };
		A10000000000000000000063 /* RideHistoryView.swift in Sources */ = {isa = PBXBuildFile; fileRef = A20000000000000000000059 /* RideHistoryView.swift */; };
		A10000000000000000000064 /* EditProfileView.swift in Sources */ = {isa = PBXBuildFile; fileRef = A20000000000000000000060 /* EditProfileView.swift */; };
		A10000000000000000000070 /* RideAlertService.swift in Sources */ = {isa = PBXBuildFile; fileRef = A20000000000000000000070 /* RideAlertService.swift */; };
		A10000000000000000000071 /* SavedPlaceModels.swift in Sources */ = {isa = PBXBuildFile; fileRef = A20000000000000000000071 /* SavedPlaceModels.swift */; };
		A10000000000000000000072 /* SavedPlacesService.swift in Sources */ = {isa = PBXBuildFile; fileRef = A20000000000000000000072 /* SavedPlacesService.swift */; };
		A10000000000000000000073 /* AnnouncementModels.swift in Sources */ = {isa = PBXBuildFile; fileRef = A20000000000000000000073 /* AnnouncementModels.swift */; };
		A10000000000000000000074 /* AnnouncementService.swift in Sources */ = {isa = PBXBuildFile; fileRef = A20000000000000000000074 /* AnnouncementService.swift */; };
		A10000000000000000000075 /* SavedPlacesBar.swift in Sources */ = {isa = PBXBuildFile; fileRef = A20000000000000000000075 /* SavedPlacesBar.swift */; };
		A10000000000000000000076 /* RideAlertOverlay.swift in Sources */ = {isa = PBXBuildFile; fileRef = A20000000000000000000076 /* RideAlertOverlay.swift */; };
		A10000000000000000000077 /* AppToolbarActions.swift in Sources */ = {isa = PBXBuildFile; fileRef = A20000000000000000000077 /* AppToolbarActions.swift */; };
		A10000000000000000000078 /* WelcomeSplashView.swift in Sources */ = {isa = PBXBuildFile; fileRef = A20000000000000000000078 /* WelcomeSplashView.swift */; };
		A10000000000000000000079 /* GeocodingService.swift in Sources */ = {isa = PBXBuildFile; fileRef = A20000000000000000000079 /* GeocodingService.swift */; };
		A10000000000000000000081 /* MapPinPickerView.swift in Sources */ = {isa = PBXBuildFile; fileRef = A20000000000000000000081 /* MapPinPickerView.swift */; };
		A10000000000000000000082 /* CustomerProfileOnboardingView.swift in Sources */ = {isa = PBXBuildFile; fileRef = A20000000000000000000082 /* CustomerProfileOnboardingView.swift */; };
		A10000000000000000000083 /* MissingProfileRecoveryView.swift in Sources */ = {isa = PBXBuildFile; fileRef = A20000000000000000000083 /* MissingProfileRecoveryView.swift */; };
		A10000000000000000000084 /* ProfileAvatarView.swift in Sources */ = {isa = PBXBuildFile; fileRef = A20000000000000000000084 /* ProfileAvatarView.swift */; };
/* End PBXBuildFile section */

/* Begin PBXFileReference section */
		A20000000000000000000001 /* HelloTukTukApp.swift */ = {isa = PBXFileReference; lastKnownFileType = sourcecode.swift; path = HelloTukTukApp.swift; sourceTree = "<group>"; };
		A20000000000000000000002 /* AppState.swift */ = {isa = PBXFileReference; lastKnownFileType = sourcecode.swift; path = AppState.swift; sourceTree = "<group>"; };
		A20000000000000000000003 /* RootView.swift */ = {isa = PBXFileReference; lastKnownFileType = sourcecode.swift; path = RootView.swift; sourceTree = "<group>"; };
		A20000000000000000000004 /* PhoneAuthCredentials.swift */ = {isa = PBXFileReference; lastKnownFileType = sourcecode.swift; path = PhoneAuthCredentials.swift; sourceTree = "<group>"; };
		A20000000000000000000005 /* AuthService.swift */ = {isa = PBXFileReference; lastKnownFileType = sourcecode.swift; path = AuthService.swift; sourceTree = "<group>"; };
		A20000000000000000000006 /* AuthErrorMessages.swift */ = {isa = PBXFileReference; lastKnownFileType = sourcecode.swift; path = AuthErrorMessages.swift; sourceTree = "<group>"; };
		A20000000000000000000007 /* LegalConfig.swift */ = {isa = PBXFileReference; lastKnownFileType = sourcecode.swift; path = LegalConfig.swift; sourceTree = "<group>"; };
		A20000000000000000000008 /* L10n.swift */ = {isa = PBXFileReference; lastKnownFileType = sourcecode.swift; path = L10n.swift; sourceTree = "<group>"; };
		A20000000000000000000009 /* UserRole.swift */ = {isa = PBXFileReference; lastKnownFileType = sourcecode.swift; path = UserRole.swift; sourceTree = "<group>"; };
		A20000000000000000000010 /* FirebaseBootstrap.swift */ = {isa = PBXFileReference; lastKnownFileType = sourcecode.swift; path = FirebaseBootstrap.swift; sourceTree = "<group>"; };
		A20000000000000000000011 /* PushNotificationService.swift */ = {isa = PBXFileReference; lastKnownFileType = sourcecode.swift; path = PushNotificationService.swift; sourceTree = "<group>"; };
		A20000000000000000000012 /* SessionService.swift */ = {isa = PBXFileReference; lastKnownFileType = sourcecode.swift; path = SessionService.swift; sourceTree = "<group>"; };
		A20000000000000000000013 /* UserRepository.swift */ = {isa = PBXFileReference; lastKnownFileType = sourcecode.swift; path = UserRepository.swift; sourceTree = "<group>"; };
		A20000000000000000000014 /* BrandColors.swift */ = {isa = PBXFileReference; lastKnownFileType = sourcecode.swift; path = BrandColors.swift; sourceTree = "<group>"; };
		A20000000000000000000015 /* AppComponents.swift */ = {isa = PBXFileReference; lastKnownFileType = sourcecode.swift; path = AppComponents.swift; sourceTree = "<group>"; };
		A20000000000000000000016 /* ModeChooserView.swift */ = {isa = PBXFileReference; lastKnownFileType = sourcecode.swift; path = ModeChooserView.swift; sourceTree = "<group>"; };
		A20000000000000000000017 /* LoginView.swift */ = {isa = PBXFileReference; lastKnownFileType = sourcecode.swift; path = LoginView.swift; sourceTree = "<group>"; };
		A20000000000000000000018 /* SignupView.swift */ = {isa = PBXFileReference; lastKnownFileType = sourcecode.swift; path = SignupView.swift; sourceTree = "<group>"; };
		A20000000000000000000020 /* Assets.xcassets */ = {isa = PBXFileReference; lastKnownFileType = folder.assetcatalog; path = Assets.xcassets; sourceTree = "<group>"; };
		A20000000000000000000021 /* GoogleService-Info.plist */ = {isa = PBXFileReference; lastKnownFileType = text.plist.xml; path = "GoogleService-Info.plist"; sourceTree = "<group>"; };
		A20000000000000000000022 /* HelloTukTuk.app */ = {isa = PBXFileReference; explicitFileType = wrapper.application; includeInIndex = 0; path = HelloTukTuk.app; sourceTree = BUILT_PRODUCTS_DIR; };
		A20000000000000000000023 /* Info.plist */ = {isa = PBXFileReference; lastKnownFileType = text.plist.xml; path = Info.plist; sourceTree = "<group>"; };
		A20000000000000000000024 /* HelloTukTuk.entitlements */ = {isa = PBXFileReference; lastKnownFileType = text.plist.entitlements; path = HelloTukTuk.entitlements; sourceTree = "<group>"; };
		A20000000000000000000025 /* AppShellView.swift */ = {isa = PBXFileReference; lastKnownFileType = sourcecode.swift; path = AppShellView.swift; sourceTree = "<group>"; };
		A20000000000000000000026 /* DriverModels.swift */ = {isa = PBXFileReference; lastKnownFileType = sourcecode.swift; path = DriverModels.swift; sourceTree = "<group>"; };
		A20000000000000000000027 /* StorageService.swift */ = {isa = PBXFileReference; lastKnownFileType = sourcecode.swift; path = StorageService.swift; sourceTree = "<group>"; };
		A20000000000000000000028 /* DriverRepository.swift */ = {isa = PBXFileReference; lastKnownFileType = sourcecode.swift; path = DriverRepository.swift; sourceTree = "<group>"; };
		A20000000000000000000029 /* ForgotPasswordView.swift */ = {isa = PBXFileReference; lastKnownFileType = sourcecode.swift; path = ForgotPasswordView.swift; sourceTree = "<group>"; };
		A20000000000000000000030 /* PhotoUploadField.swift */ = {isa = PBXFileReference; lastKnownFileType = sourcecode.swift; path = PhotoUploadField.swift; sourceTree = "<group>"; };
		A20000000000000000000031 /* DriverSignupView.swift */ = {isa = PBXFileReference; lastKnownFileType = sourcecode.swift; path = DriverSignupView.swift; sourceTree = "<group>"; };
		A20000000000000000000032 /* ProfileView.swift */ = {isa = PBXFileReference; lastKnownFileType = sourcecode.swift; path = ProfileView.swift; sourceTree = "<group>"; };
		A20000000000000000000033 /* MapsConfig.swift */ = {isa = PBXFileReference; lastKnownFileType = sourcecode.swift; path = MapsConfig.swift; sourceTree = "<group>"; };
		A20000000000000000000034 /* BabilRegions.swift */ = {isa = PBXFileReference; lastKnownFileType = sourcecode.swift; path = BabilRegions.swift; sourceTree = "<group>"; };
		A20000000000000000000035 /* GeoMath.swift */ = {isa = PBXFileReference; lastKnownFileType = sourcecode.swift; path = GeoMath.swift; sourceTree = "<group>"; };
		A20000000000000000000090 /* Geohash.swift */ = {isa = PBXFileReference; lastKnownFileType = sourcecode.swift; path = Geohash.swift; sourceTree = "<group>"; };
		A20000000000000000000091 /* MapPresenceConfig.swift */ = {isa = PBXFileReference; lastKnownFileType = sourcecode.swift; path = MapPresenceConfig.swift; sourceTree = "<group>"; };
		A20000000000000000000092 /* MapPresence.swift */ = {isa = PBXFileReference; lastKnownFileType = sourcecode.swift; path = MapPresence.swift; sourceTree = "<group>"; };
		A20000000000000000000093 /* NearbyProvidersService.swift */ = {isa = PBXFileReference; lastKnownFileType = sourcecode.swift; path = NearbyProvidersService.swift; sourceTree = "<group>"; };
		A20000000000000000000094 /* WalletModels.swift */ = {isa = PBXFileReference; lastKnownFileType = sourcecode.swift; path = WalletModels.swift; sourceTree = "<group>"; };
		A20000000000000000000095 /* WalletService.swift */ = {isa = PBXFileReference; lastKnownFileType = sourcecode.swift; path = WalletService.swift; sourceTree = "<group>"; };
		A20000000000000000000096 /* DriverWalletView.swift */ = {isa = PBXFileReference; lastKnownFileType = sourcecode.swift; path = DriverWalletView.swift; sourceTree = "<group>"; };
		A20000000000000000000097 /* ServiceAreaCatalog.swift */ = {isa = PBXFileReference; lastKnownFileType = sourcecode.swift; path = ServiceAreaCatalog.swift; sourceTree = "<group>"; };
		A20000000000000000000098 /* BusinessModels.swift */ = {isa = PBXFileReference; lastKnownFileType = sourcecode.swift; path = BusinessModels.swift; sourceTree = "<group>"; };
		A20000000000000000000099 /* BusinessService.swift */ = {isa = PBXFileReference; lastKnownFileType = sourcecode.swift; path = BusinessService.swift; sourceTree = "<group>"; };
		A2000000000000000000009A /* CustomerHomeShellView.swift */ = {isa = PBXFileReference; lastKnownFileType = sourcecode.swift; path = CustomerHomeShellView.swift; sourceTree = "<group>"; };
		A2000000000000000000009B /* MarketplaceHomeView.swift */ = {isa = PBXFileReference; lastKnownFileType = sourcecode.swift; path = MarketplaceHomeView.swift; sourceTree = "<group>"; };
		A2000000000000000000009C /* BusinessStoreView.swift */ = {isa = PBXFileReference; lastKnownFileType = sourcecode.swift; path = BusinessStoreView.swift; sourceTree = "<group>"; };
		A2000000000000000000009D /* DriverDeliveryOrdersPanel.swift */ = {isa = PBXFileReference; lastKnownFileType = sourcecode.swift; path = DriverDeliveryOrdersPanel.swift; sourceTree = "<group>"; };
		A20000000000000000000036 /* RideModels.swift */ = {isa = PBXFileReference; lastKnownFileType = sourcecode.swift; path = RideModels.swift; sourceTree = "<group>"; };
		A20000000000000000000037 /* PricingModels.swift */ = {isa = PBXFileReference; lastKnownFileType = sourcecode.swift; path = PricingModels.swift; sourceTree = "<group>"; };
		A20000000000000000000038 /* PricingService.swift */ = {isa = PBXFileReference; lastKnownFileType = sourcecode.swift; path = PricingService.swift; sourceTree = "<group>"; };
		A20000000000000000000039 /* LocationService.swift */ = {isa = PBXFileReference; lastKnownFileType = sourcecode.swift; path = LocationService.swift; sourceTree = "<group>"; };
		A20000000000000000000040 /* RideRepository.swift */ = {isa = PBXFileReference; lastKnownFileType = sourcecode.swift; path = RideRepository.swift; sourceTree = "<group>"; };
		A20000000000000000000041 /* GoogleMapView.swift */ = {isa = PBXFileReference; lastKnownFileType = sourcecode.swift; path = GoogleMapView.swift; sourceTree = "<group>"; };
		A20000000000000000000042 /* CustomerAppEntryView.swift */ = {isa = PBXFileReference; lastKnownFileType = sourcecode.swift; path = CustomerAppEntryView.swift; sourceTree = "<group>"; };
		A20000000000000000000043 /* CustomerHomeMapView.swift */ = {isa = PBXFileReference; lastKnownFileType = sourcecode.swift; path = CustomerHomeMapView.swift; sourceTree = "<group>"; };
		A20000000000000000000044 /* BookRideView.swift */ = {isa = PBXFileReference; lastKnownFileType = sourcecode.swift; path = BookRideView.swift; sourceTree = "<group>"; };
		A20000000000000000000045 /* CustomerActiveRideShell.swift */ = {isa = PBXFileReference; lastKnownFileType = sourcecode.swift; path = CustomerActiveRideShell.swift; sourceTree = "<group>"; };
		A20000000000000000000046 /* CommissionService.swift */ = {isa = PBXFileReference; lastKnownFileType = sourcecode.swift; path = CommissionService.swift; sourceTree = "<group>"; };
		A20000000000000000000047 /* DriverLocationPublisher.swift */ = {isa = PBXFileReference; lastKnownFileType = sourcecode.swift; path = DriverLocationPublisher.swift; sourceTree = "<group>"; };
		A20000000000000000000048 /* DriverAppEntryView.swift */ = {isa = PBXFileReference; lastKnownFileType = sourcecode.swift; path = DriverAppEntryView.swift; sourceTree = "<group>"; };
		A20000000000000000000049 /* DriverHomeView.swift */ = {isa = PBXFileReference; lastKnownFileType = sourcecode.swift; path = DriverHomeView.swift; sourceTree = "<group>"; };
		A20000000000000000000050 /* TripCompletedView.swift */ = {isa = PBXFileReference; lastKnownFileType = sourcecode.swift; path = TripCompletedView.swift; sourceTree = "<group>"; };
		A20000000000000000000051 /* SessionGuardView.swift */ = {isa = PBXFileReference; lastKnownFileType = sourcecode.swift; path = SessionGuardView.swift; sourceTree = "<group>"; };
		A20000000000000000000052 /* GooglePlacesService.swift */ = {isa = PBXFileReference; lastKnownFileType = sourcecode.swift; path = GooglePlacesService.swift; sourceTree = "<group>"; };
		A20000000000000000000053 /* ChatService.swift */ = {isa = PBXFileReference; lastKnownFileType = sourcecode.swift; path = ChatService.swift; sourceTree = "<group>"; };
		A20000000000000000000054 /* SupportService.swift */ = {isa = PBXFileReference; lastKnownFileType = sourcecode.swift; path = SupportService.swift; sourceTree = "<group>"; };
		A20000000000000000000055 /* PromoModels.swift */ = {isa = PBXFileReference; lastKnownFileType = sourcecode.swift; path = PromoModels.swift; sourceTree = "<group>"; };
		A20000000000000000000056 /* PlaceSearchView.swift */ = {isa = PBXFileReference; lastKnownFileType = sourcecode.swift; path = PlaceSearchView.swift; sourceTree = "<group>"; };
		A20000000000000000000057 /* RideChatView.swift */ = {isa = PBXFileReference; lastKnownFileType = sourcecode.swift; path = RideChatView.swift; sourceTree = "<group>"; };
		A20000000000000000000058 /* SupportView.swift */ = {isa = PBXFileReference; lastKnownFileType = sourcecode.swift; path = SupportView.swift; sourceTree = "<group>"; };
		A20000000000000000000059 /* RideHistoryView.swift */ = {isa = PBXFileReference; lastKnownFileType = sourcecode.swift; path = RideHistoryView.swift; sourceTree = "<group>"; };
		A20000000000000000000060 /* EditProfileView.swift */ = {isa = PBXFileReference; lastKnownFileType = sourcecode.swift; path = EditProfileView.swift; sourceTree = "<group>"; };
		A20000000000000000000070 /* RideAlertService.swift */ = {isa = PBXFileReference; lastKnownFileType = sourcecode.swift; path = RideAlertService.swift; sourceTree = "<group>"; };
		A20000000000000000000071 /* SavedPlaceModels.swift */ = {isa = PBXFileReference; lastKnownFileType = sourcecode.swift; path = SavedPlaceModels.swift; sourceTree = "<group>"; };
		A20000000000000000000072 /* SavedPlacesService.swift */ = {isa = PBXFileReference; lastKnownFileType = sourcecode.swift; path = SavedPlacesService.swift; sourceTree = "<group>"; };
		A20000000000000000000073 /* AnnouncementModels.swift */ = {isa = PBXFileReference; lastKnownFileType = sourcecode.swift; path = AnnouncementModels.swift; sourceTree = "<group>"; };
		A20000000000000000000074 /* AnnouncementService.swift */ = {isa = PBXFileReference; lastKnownFileType = sourcecode.swift; path = AnnouncementService.swift; sourceTree = "<group>"; };
		A20000000000000000000075 /* SavedPlacesBar.swift */ = {isa = PBXFileReference; lastKnownFileType = sourcecode.swift; path = SavedPlacesBar.swift; sourceTree = "<group>"; };
		A20000000000000000000076 /* RideAlertOverlay.swift */ = {isa = PBXFileReference; lastKnownFileType = sourcecode.swift; path = RideAlertOverlay.swift; sourceTree = "<group>"; };
		A20000000000000000000077 /* AppToolbarActions.swift */ = {isa = PBXFileReference; lastKnownFileType = sourcecode.swift; path = AppToolbarActions.swift; sourceTree = "<group>"; };
		A20000000000000000000078 /* WelcomeSplashView.swift */ = {isa = PBXFileReference; lastKnownFileType = sourcecode.swift; path = WelcomeSplashView.swift; sourceTree = "<group>"; };
		A20000000000000000000079 /* GeocodingService.swift */ = {isa = PBXFileReference; lastKnownFileType = sourcecode.swift; path = GeocodingService.swift; sourceTree = "<group>"; };
		A20000000000000000000081 /* MapPinPickerView.swift */ = {isa = PBXFileReference; lastKnownFileType = sourcecode.swift; path = MapPinPickerView.swift; sourceTree = "<group>"; };
		A20000000000000000000082 /* CustomerProfileOnboardingView.swift */ = {isa = PBXFileReference; lastKnownFileType = sourcecode.swift; path = CustomerProfileOnboardingView.swift; sourceTree = "<group>"; };
		A20000000000000000000083 /* MissingProfileRecoveryView.swift */ = {isa = PBXFileReference; lastKnownFileType = sourcecode.swift; path = MissingProfileRecoveryView.swift; sourceTree = "<group>"; };
		A20000000000000000000084 /* ProfileAvatarView.swift */ = {isa = PBXFileReference; lastKnownFileType = sourcecode.swift; path = ProfileAvatarView.swift; sourceTree = "<group>"; };
/* End PBXFileReference section */

/* Begin PBXFrameworksBuildPhase section */
		A30000000000000000000001 /* Frameworks */ = {
			isa = PBXFrameworksBuildPhase;
			buildActionMask = 2147483647;
			files = (
				A10000000000000000000022 /* FirebaseAuth in Frameworks */,
				A10000000000000000000023 /* FirebaseFirestore in Frameworks */,
				A10000000000000000000024 /* FirebaseMessaging in Frameworks */,
				A10000000000000000000025 /* FirebaseFunctions in Frameworks */,
				A10000000000000000000026 /* FirebaseCore in Frameworks */,
				A10000000000000000000035 /* FirebaseStorage in Frameworks */,
				A10000000000000000000049 /* GoogleMaps in Frameworks */,
			);
			runOnlyForDeploymentPostprocessing = 0;
		};
/* End PBXFrameworksBuildPhase section */

/* Begin PBXGroup section */
		A40000000000000000000001 = {
			isa = PBXGroup;
			children = (
				A40000000000000000000002 /* HelloTukTuk */,
				A40000000000000000000003 /* Products */,
			);
			sourceTree = "<group>";
		};
		A40000000000000000000002 /* HelloTukTuk */ = {
			isa = PBXGroup;
			children = (
				A20000000000000000000001 /* HelloTukTukApp.swift */,
				A40000000000000000000004 /* App */,
				A40000000000000000000005 /* Core */,
				A40000000000000000000006 /* Features */,
				A20000000000000000000020 /* Assets.xcassets */,
				A20000000000000000000021 /* GoogleService-Info.plist */,
				A20000000000000000000023 /* Info.plist */,
				A20000000000000000000024 /* HelloTukTuk.entitlements */,
			);
			path = HelloTukTuk;
			sourceTree = "<group>";
		};
		A40000000000000000000003 /* Products */ = {
			isa = PBXGroup;
			children = (
				A20000000000000000000022 /* HelloTukTuk.app */,
			);
			name = Products;
			sourceTree = "<group>";
		};
		A40000000000000000000004 /* App */ = {
			isa = PBXGroup;
			children = (
				A20000000000000000000002 /* AppState.swift */,
				A20000000000000000000003 /* RootView.swift */,
				A20000000000000000000025 /* AppShellView.swift */,
				A20000000000000000000051 /* SessionGuardView.swift */,
			);
			path = App;
			sourceTree = "<group>";
		};
		A40000000000000000000005 /* Core */ = {
			isa = PBXGroup;
			children = (
				A40000000000000000000007 /* Auth */,
				A40000000000000000000008 /* Config */,
				A40000000000000000000016 /* Constants */,
				A40000000000000000000009 /* Localization */,
				A40000000000000000000018 /* Maps */,
				A40000000000000000000010 /* Models */,
				A40000000000000000000011 /* Services */,
				A40000000000000000000012 /* Theme */,
				A40000000000000000000017 /* Utils */,
			);
			path = Core;
			sourceTree = "<group>";
		};
		A40000000000000000000006 /* Features */ = {
			isa = PBXGroup;
			children = (
				A40000000000000000000013 /* Auth */,
				A40000000000000000000019 /* Customer */,
				A40000000000000000000020 /* Driver */,
				A40000000000000000000015 /* Profile */,
				A40000000000000000000021 /* Shared */,
			);
			path = Features;
			sourceTree = "<group>";
		};
		A40000000000000000000007 /* Auth */ = {
			isa = PBXGroup;
			children = (
				A20000000000000000000004 /* PhoneAuthCredentials.swift */,
				A20000000000000000000005 /* AuthService.swift */,
				A20000000000000000000006 /* AuthErrorMessages.swift */,
			);
			path = Auth;
			sourceTree = "<group>";
		};
		A40000000000000000000008 /* Config */ = {
			isa = PBXGroup;
			children = (
				A20000000000000000000007 /* LegalConfig.swift */,
				A20000000000000000000033 /* MapsConfig.swift */,
				A20000000000000000000091 /* MapPresenceConfig.swift */,
			);
			path = Config;
			sourceTree = "<group>";
		};
		A40000000000000000000009 /* Localization */ = {
			isa = PBXGroup;
			children = (
				A20000000000000000000008 /* L10n.swift */,
			);
			path = Localization;
			sourceTree = "<group>";
		};
		A40000000000000000000010 /* Models */ = {
			isa = PBXGroup;
			children = (
				A20000000000000000000009 /* UserRole.swift */,
				A20000000000000000000026 /* DriverModels.swift */,
				A20000000000000000000036 /* RideModels.swift */,
				A20000000000000000000037 /* PricingModels.swift */,
				A20000000000000000000055 /* PromoModels.swift */,
				A20000000000000000000071 /* SavedPlaceModels.swift */,
				A20000000000000000000073 /* AnnouncementModels.swift */,
				A20000000000000000000092 /* MapPresence.swift */,
				A20000000000000000000094 /* WalletModels.swift */,
				A20000000000000000000098 /* BusinessModels.swift */,
			);
			path = Models;
			sourceTree = "<group>";
		};
		A40000000000000000000011 /* Services */ = {
			isa = PBXGroup;
			children = (
				A20000000000000000000010 /* FirebaseBootstrap.swift */,
				A20000000000000000000011 /* PushNotificationService.swift */,
				A20000000000000000000012 /* SessionService.swift */,
				A20000000000000000000013 /* UserRepository.swift */,
				A20000000000000000000027 /* StorageService.swift */,
				A20000000000000000000028 /* DriverRepository.swift */,
				A20000000000000000000038 /* PricingService.swift */,
				A20000000000000000000039 /* LocationService.swift */,
				A20000000000000000000040 /* RideRepository.swift */,
				A20000000000000000000046 /* CommissionService.swift */,
				A20000000000000000000047 /* DriverLocationPublisher.swift */,
				A20000000000000000000052 /* GooglePlacesService.swift */,
				A20000000000000000000053 /* ChatService.swift */,
				A20000000000000000000054 /* SupportService.swift */,
				A20000000000000000000070 /* RideAlertService.swift */,
				A20000000000000000000072 /* SavedPlacesService.swift */,
				A20000000000000000000074 /* AnnouncementService.swift */,
				A20000000000000000000079 /* GeocodingService.swift */,
				A20000000000000000000093 /* NearbyProvidersService.swift */,
				A20000000000000000000095 /* WalletService.swift */,
				A20000000000000000000097 /* ServiceAreaCatalog.swift */,
				A20000000000000000000099 /* BusinessService.swift */,
			);
			path = Services;
			sourceTree = "<group>";
		};
		A40000000000000000000012 /* Theme */ = {
			isa = PBXGroup;
			children = (
				A20000000000000000000014 /* BrandColors.swift */,
				A20000000000000000000015 /* AppComponents.swift */,
			);
			path = Theme;
			sourceTree = "<group>";
		};
		A40000000000000000000013 /* Auth */ = {
			isa = PBXGroup;
			children = (
				A20000000000000000000016 /* ModeChooserView.swift */,
				A20000000000000000000017 /* LoginView.swift */,
				A20000000000000000000018 /* SignupView.swift */,
				A20000000000000000000029 /* ForgotPasswordView.swift */,
				A20000000000000000000030 /* PhotoUploadField.swift */,
				A20000000000000000000031 /* DriverSignupView.swift */,
			);
			path = Auth;
			sourceTree = "<group>";
		};
		A40000000000000000000015 /* Profile */ = {
			isa = PBXGroup;
			children = (
				A20000000000000000000032 /* ProfileView.swift */,
				A20000000000000000000060 /* EditProfileView.swift */,
				A20000000000000000000082 /* CustomerProfileOnboardingView.swift */,
				A20000000000000000000083 /* MissingProfileRecoveryView.swift */,
			);
			path = Profile;
			sourceTree = "<group>";
		};
		A40000000000000000000016 /* Constants */ = {
			isa = PBXGroup;
			children = (
				A20000000000000000000034 /* BabilRegions.swift */,
			);
			path = Constants;
			sourceTree = "<group>";
		};
		A40000000000000000000017 /* Utils */ = {
			isa = PBXGroup;
			children = (
				A20000000000000000000035 /* GeoMath.swift */,
				A20000000000000000000090 /* Geohash.swift */,
			);
			path = Utils;
			sourceTree = "<group>";
		};
		A40000000000000000000018 /* Maps */ = {
			isa = PBXGroup;
			children = (
				A20000000000000000000041 /* GoogleMapView.swift */,
			);
			path = Maps;
			sourceTree = "<group>";
		};
		A40000000000000000000019 /* Customer */ = {
			isa = PBXGroup;
			children = (
				A20000000000000000000042 /* CustomerAppEntryView.swift */,
				A2000000000000000000009A /* CustomerHomeShellView.swift */,
				A20000000000000000000043 /* CustomerHomeMapView.swift */,
				A2000000000000000000009B /* MarketplaceHomeView.swift */,
				A2000000000000000000009C /* BusinessStoreView.swift */,
				A20000000000000000000044 /* BookRideView.swift */,
				A20000000000000000000045 /* CustomerActiveRideShell.swift */,
				A20000000000000000000050 /* TripCompletedView.swift */,
				A20000000000000000000056 /* PlaceSearchView.swift */,
				A20000000000000000000075 /* SavedPlacesBar.swift */,
				A20000000000000000000081 /* MapPinPickerView.swift */,
			);
			path = Customer;
			sourceTree = "<group>";
		};
		A40000000000000000000021 /* Shared */ = {
			isa = PBXGroup;
			children = (
				A20000000000000000000057 /* RideChatView.swift */,
				A20000000000000000000058 /* SupportView.swift */,
				A20000000000000000000059 /* RideHistoryView.swift */,
				A20000000000000000000076 /* RideAlertOverlay.swift */,
				A20000000000000000000077 /* AppToolbarActions.swift */,
				A20000000000000000000078 /* WelcomeSplashView.swift */,
				A20000000000000000000084 /* ProfileAvatarView.swift */,
			);
			path = Shared;
			sourceTree = "<group>";
		};
		A40000000000000000000020 /* Driver */ = {
			isa = PBXGroup;
			children = (
				A20000000000000000000048 /* DriverAppEntryView.swift */,
				A20000000000000000000049 /* DriverHomeView.swift */,
				A2000000000000000000009D /* DriverDeliveryOrdersPanel.swift */,
				A20000000000000000000096 /* DriverWalletView.swift */,
			);
			path = Driver;
			sourceTree = "<group>";
		};
/* End PBXGroup section */

/* Begin PBXNativeTarget section */
		A60000000000000000000001 /* HelloTukTuk */ = {
			isa = PBXNativeTarget;
			buildConfigurationList = A80000000000000000000003 /* Build configuration list for PBXNativeTarget "HelloTukTuk" */;
			buildPhases = (
				A30000000000000000000002 /* Sources */,
				A30000000000000000000001 /* Frameworks */,
				A30000000000000000000003 /* Resources */,
			);
			buildRules = (
			);
			dependencies = (
			);
			name = HelloTukTuk;
			packageProductDependencies = (
				A50000000000000000000001 /* FirebaseAuth */,
				A50000000000000000000002 /* FirebaseFirestore */,
				A50000000000000000000003 /* FirebaseMessaging */,
				A50000000000000000000004 /* FirebaseFunctions */,
				A50000000000000000000005 /* FirebaseCore */,
				A50000000000000000000006 /* FirebaseStorage */,
				A50000000000000000000007 /* GoogleMaps */,
			);
			productName = HelloTukTuk;
			productReference = A20000000000000000000022 /* HelloTukTuk.app */;
			productType = "com.apple.product-type.application";
		};
/* End PBXNativeTarget section */

/* Begin PBXProject section */
		A70000000000000000000001 /* Project object */ = {
			isa = PBXProject;
			attributes = {
				BuildIndependentTargetsInParallel = 1;
				LastSwiftUpdateCheck = 1600;
				LastUpgradeCheck = 1600;
				TargetAttributes = {
					A60000000000000000000001 = {
						CreatedOnToolsVersion = 16.0;
					};
				};
			};
			buildConfigurationList = A80000000000000000000001 /* Build configuration list for PBXProject "HelloTukTuk" */;
			compatibilityVersion = "Xcode 14.0";
			developmentRegion = en;
			hasScannedForEncodings = 0;
			knownRegions = (
				en,
				Base,
				ar,
			);
			mainGroup = A40000000000000000000001;
			packageReferences = (
				A90000000000000000000001 /* XCRemoteSwiftPackageReference "firebase-ios-sdk" */,
				A90000000000000000000002 /* XCRemoteSwiftPackageReference "ios-maps-sdk" */,
			);
			productRefGroup = A40000000000000000000003 /* Products */;
			projectDirPath = "";
			projectRoot = "";
			targets = (
				A60000000000000000000001 /* HelloTukTuk */,
			);
		};
/* End PBXProject section */

/* Begin PBXResourcesBuildPhase section */
		A30000000000000000000003 /* Resources */ = {
			isa = PBXResourcesBuildPhase;
			buildActionMask = 2147483647;
			files = (
				A10000000000000000000020 /* Assets.xcassets in Resources */,
				A10000000000000000000021 /* GoogleService-Info.plist in Resources */,
			);
			runOnlyForDeploymentPostprocessing = 0;
		};
/* End PBXResourcesBuildPhase section */

/* Begin PBXSourcesBuildPhase section */
		A30000000000000000000002 /* Sources */ = {
			isa = PBXSourcesBuildPhase;
			buildActionMask = 2147483647;
			files = (
				A10000000000000000000001 /* HelloTukTukApp.swift in Sources */,
				A10000000000000000000002 /* AppState.swift in Sources */,
				A10000000000000000000003 /* RootView.swift in Sources */,
				A10000000000000000000004 /* PhoneAuthCredentials.swift in Sources */,
				A10000000000000000000005 /* AuthService.swift in Sources */,
				A10000000000000000000006 /* AuthErrorMessages.swift in Sources */,
				A10000000000000000000007 /* LegalConfig.swift in Sources */,
				A10000000000000000000008 /* L10n.swift in Sources */,
				A10000000000000000000009 /* UserRole.swift in Sources */,
				A10000000000000000000010 /* FirebaseBootstrap.swift in Sources */,
				A10000000000000000000011 /* PushNotificationService.swift in Sources */,
				A10000000000000000000012 /* SessionService.swift in Sources */,
				A10000000000000000000013 /* UserRepository.swift in Sources */,
				A10000000000000000000014 /* BrandColors.swift in Sources */,
				A10000000000000000000015 /* AppComponents.swift in Sources */,
				A10000000000000000000016 /* ModeChooserView.swift in Sources */,
				A10000000000000000000017 /* LoginView.swift in Sources */,
				A10000000000000000000018 /* SignupView.swift in Sources */,
				A10000000000000000000027 /* AppShellView.swift in Sources */,
				A10000000000000000000028 /* DriverModels.swift in Sources */,
				A10000000000000000000029 /* StorageService.swift in Sources */,
				A10000000000000000000030 /* DriverRepository.swift in Sources */,
				A10000000000000000000031 /* ForgotPasswordView.swift in Sources */,
				A10000000000000000000032 /* PhotoUploadField.swift in Sources */,
				A10000000000000000000033 /* DriverSignupView.swift in Sources */,
				A10000000000000000000034 /* ProfileView.swift in Sources */,
				A10000000000000000000036 /* MapsConfig.swift in Sources */,
				A10000000000000000000037 /* BabilRegions.swift in Sources */,
				A10000000000000000000038 /* GeoMath.swift in Sources */,
				A10000000000000000000090 /* Geohash.swift in Sources */,
				A10000000000000000000091 /* MapPresenceConfig.swift in Sources */,
				A10000000000000000000092 /* MapPresence.swift in Sources */,
				A10000000000000000000093 /* NearbyProvidersService.swift in Sources */,
				A10000000000000000000094 /* WalletModels.swift in Sources */,
				A10000000000000000000095 /* WalletService.swift in Sources */,
				A10000000000000000000096 /* DriverWalletView.swift in Sources */,
				A10000000000000000000097 /* ServiceAreaCatalog.swift in Sources */,
				A10000000000000000000098 /* BusinessModels.swift in Sources */,
				A10000000000000000000099 /* BusinessService.swift in Sources */,
				A1000000000000000000009A /* CustomerHomeShellView.swift in Sources */,
				A1000000000000000000009B /* MarketplaceHomeView.swift in Sources */,
				A1000000000000000000009C /* BusinessStoreView.swift in Sources */,
				A1000000000000000000009D /* DriverDeliveryOrdersPanel.swift in Sources */,
				A10000000000000000000039 /* RideModels.swift in Sources */,
				A10000000000000000000040 /* PricingModels.swift in Sources */,
				A10000000000000000000041 /* PricingService.swift in Sources */,
				A10000000000000000000042 /* LocationService.swift in Sources */,
				A10000000000000000000043 /* RideRepository.swift in Sources */,
				A10000000000000000000044 /* GoogleMapView.swift in Sources */,
				A10000000000000000000045 /* CustomerAppEntryView.swift in Sources */,
				A10000000000000000000046 /* CustomerHomeMapView.swift in Sources */,
				A10000000000000000000047 /* BookRideView.swift in Sources */,
				A10000000000000000000048 /* CustomerActiveRideShell.swift in Sources */,
				A10000000000000000000050 /* CommissionService.swift in Sources */,
				A10000000000000000000051 /* DriverLocationPublisher.swift in Sources */,
				A10000000000000000000052 /* DriverAppEntryView.swift in Sources */,
				A10000000000000000000053 /* DriverHomeView.swift in Sources */,
				A10000000000000000000054 /* TripCompletedView.swift in Sources */,
				A10000000000000000000055 /* SessionGuardView.swift in Sources */,
				A10000000000000000000056 /* GooglePlacesService.swift in Sources */,
				A10000000000000000000057 /* ChatService.swift in Sources */,
				A10000000000000000000058 /* SupportService.swift in Sources */,
				A10000000000000000000059 /* PromoModels.swift in Sources */,
				A10000000000000000000060 /* PlaceSearchView.swift in Sources */,
				A10000000000000000000061 /* RideChatView.swift in Sources */,
				A10000000000000000000062 /* SupportView.swift in Sources */,
				A10000000000000000000063 /* RideHistoryView.swift in Sources */,
				A10000000000000000000064 /* EditProfileView.swift in Sources */,
				A10000000000000000000070 /* RideAlertService.swift in Sources */,
				A10000000000000000000071 /* SavedPlaceModels.swift in Sources */,
				A10000000000000000000072 /* SavedPlacesService.swift in Sources */,
				A10000000000000000000073 /* AnnouncementModels.swift in Sources */,
				A10000000000000000000074 /* AnnouncementService.swift in Sources */,
				A10000000000000000000075 /* SavedPlacesBar.swift in Sources */,
				A10000000000000000000076 /* RideAlertOverlay.swift in Sources */,
				A10000000000000000000077 /* AppToolbarActions.swift in Sources */,
				A10000000000000000000078 /* WelcomeSplashView.swift in Sources */,
				A10000000000000000000079 /* GeocodingService.swift in Sources */,
				A10000000000000000000081 /* MapPinPickerView.swift in Sources */,
				A10000000000000000000082 /* CustomerProfileOnboardingView.swift in Sources */,
				A10000000000000000000083 /* MissingProfileRecoveryView.swift in Sources */,
				A10000000000000000000084 /* ProfileAvatarView.swift in Sources */,
			);
			runOnlyForDeploymentPostprocessing = 0;
		};
/* End PBXSourcesBuildPhase section */

/* Begin XCBuildConfiguration section */
		A80000000000000000000004 /* Debug */ = {
			isa = XCBuildConfiguration;
			buildSettings = {
				ALWAYS_SEARCH_USER_PATHS = NO;
				CLANG_ENABLE_MODULES = YES;
				CLANG_ENABLE_OBJC_ARC = YES;
				COPY_PHASE_STRIP = NO;
				DEBUG_INFORMATION_FORMAT = dwarf;
				ENABLE_TESTABILITY = YES;
				GCC_DYNAMIC_NO_PIC = NO;
				GCC_OPTIMIZATION_LEVEL = 0;
				IPHONEOS_DEPLOYMENT_TARGET = 16.0;
				ONLY_ACTIVE_ARCH = YES;
				SDKROOT = iphoneos;
				SWIFT_ACTIVE_COMPILATION_CONDITIONS = DEBUG;
				SWIFT_OPTIMIZATION_LEVEL = "-Onone";
			};
			name = Debug;
		};
		A80000000000000000000005 /* Release */ = {
			isa = XCBuildConfiguration;
			buildSettings = {
				ALWAYS_SEARCH_USER_PATHS = NO;
				CLANG_ENABLE_MODULES = YES;
				CLANG_ENABLE_OBJC_ARC = YES;
				COPY_PHASE_STRIP = NO;
				DEBUG_INFORMATION_FORMAT = "dwarf-with-dsym";
				ENABLE_NS_ASSERTIONS = NO;
				IPHONEOS_DEPLOYMENT_TARGET = 16.0;
				SDKROOT = iphoneos;
				SWIFT_COMPILATION_MODE = wholemodule;
				SWIFT_OPTIMIZATION_LEVEL = "-O";
				VALIDATE_PRODUCT = YES;
			};
			name = Release;
		};
		A80000000000000000000006 /* Debug */ = {
			isa = XCBuildConfiguration;
			buildSettings = {
				ASSETCATALOG_COMPILER_APPICON_NAME = AppIcon;
				ASSETCATALOG_COMPILER_GLOBAL_ACCENT_COLOR_NAME = AccentColor;
				CODE_SIGN_ENTITLEMENTS = HelloTukTuk/HelloTukTuk.entitlements;
				CODE_SIGN_STYLE = Automatic;
				CURRENT_PROJECT_VERSION = 93;
				DEVELOPMENT_TEAM = XAZ6V7UTYT;
				ENABLE_PREVIEWS = YES;
				GENERATE_INFOPLIST_FILE = NO;
				INFOPLIST_FILE = HelloTukTuk/Info.plist;
				INFOPLIST_KEY_CFBundleDisplayName = "Hello Tuk-Tuk";
				INFOPLIST_KEY_LSApplicationCategoryType = "public.app-category.travel";
				INFOPLIST_KEY_UIApplicationSupportsIndirectInputEvents = YES;
				LD_RUNPATH_SEARCH_PATHS = (
					"$(inherited)",
					"@executable_path/Frameworks",
				);
				MARKETING_VERSION = 2.2.0;
				OTHER_LDFLAGS = "-ObjC";
				PRODUCT_BUNDLE_IDENTIFIER = com.hillaride.hillaRide;
				PRODUCT_NAME = "$(TARGET_NAME)";
				SUPPORTED_PLATFORMS = "iphoneos iphonesimulator";
				SUPPORTS_MACCATALYST = NO;
				SWIFT_DEFAULT_ACTOR_ISOLATION = nonisolated;
				SWIFT_EMIT_LOC_STRINGS = YES;
				SWIFT_STRICT_CONCURRENCY = minimal;
				SWIFT_VERSION = 5.0;
				TARGETED_DEVICE_FAMILY = 1;
			};
			name = Debug;
		};
		A80000000000000000000007 /* Release */ = {
			isa = XCBuildConfiguration;
			buildSettings = {
				ASSETCATALOG_COMPILER_APPICON_NAME = AppIcon;
				ASSETCATALOG_COMPILER_GLOBAL_ACCENT_COLOR_NAME = AccentColor;
				CODE_SIGN_ENTITLEMENTS = HelloTukTuk/HelloTukTuk.entitlements;
				CODE_SIGN_STYLE = Automatic;
				CURRENT_PROJECT_VERSION = 93;
				DEVELOPMENT_TEAM = XAZ6V7UTYT;
				ENABLE_PREVIEWS = YES;
				GENERATE_INFOPLIST_FILE = NO;
				INFOPLIST_FILE = HelloTukTuk/Info.plist;
				INFOPLIST_KEY_CFBundleDisplayName = "Hello Tuk-Tuk";
				INFOPLIST_KEY_LSApplicationCategoryType = "public.app-category.travel";
				INFOPLIST_KEY_UIApplicationSupportsIndirectInputEvents = YES;
				LD_RUNPATH_SEARCH_PATHS = (
					"$(inherited)",
					"@executable_path/Frameworks",
				);
				MARKETING_VERSION = 2.2.0;
				OTHER_LDFLAGS = "-ObjC";
				PRODUCT_BUNDLE_IDENTIFIER = com.hillaride.hillaRide;
				PRODUCT_NAME = "$(TARGET_NAME)";
				SUPPORTED_PLATFORMS = "iphoneos iphonesimulator";
				SUPPORTS_MACCATALYST = NO;
				SWIFT_DEFAULT_ACTOR_ISOLATION = nonisolated;
				SWIFT_EMIT_LOC_STRINGS = YES;
				SWIFT_STRICT_CONCURRENCY = minimal;
				SWIFT_VERSION = 5.0;
				TARGETED_DEVICE_FAMILY = 1;
			};
			name = Release;
		};
/* End XCBuildConfiguration section */

/* Begin XCConfigurationList section */
		A80000000000000000000001 /* Build configuration list for PBXProject "HelloTukTuk" */ = {
			isa = XCConfigurationList;
			buildConfigurations = (
				A80000000000000000000004 /* Debug */,
				A80000000000000000000005 /* Release */,
			);
			defaultConfigurationIsVisible = 0;
			defaultConfigurationName = Release;
		};
		A80000000000000000000003 /* Build configuration list for PBXNativeTarget "HelloTukTuk" */ = {
			isa = XCConfigurationList;
			buildConfigurations = (
				A80000000000000000000006 /* Debug */,
				A80000000000000000000007 /* Release */,
			);
			defaultConfigurationIsVisible = 0;
			defaultConfigurationName = Release;
		};
/* End XCConfigurationList section */

/* Begin XCRemoteSwiftPackageReference section */
		A90000000000000000000001 /* XCRemoteSwiftPackageReference "firebase-ios-sdk" */ = {
			isa = XCRemoteSwiftPackageReference;
			repositoryURL = "https://github.com/firebase/firebase-ios-sdk";
			requirement = {
				kind = upToNextMajorVersion;
				minimumVersion = 11.0.0;
			};
		};
		A90000000000000000000002 /* XCRemoteSwiftPackageReference "ios-maps-sdk" */ = {
			isa = XCRemoteSwiftPackageReference;
			repositoryURL = "https://github.com/googlemaps/ios-maps-sdk";
			requirement = {
				kind = upToNextMajorVersion;
				minimumVersion = 9.0.0;
			};
		};
/* End XCRemoteSwiftPackageReference section */

/* Begin XCSwiftPackageProductDependency section */
		A50000000000000000000001 /* FirebaseAuth */ = {
			isa = XCSwiftPackageProductDependency;
			package = A90000000000000000000001 /* XCRemoteSwiftPackageReference "firebase-ios-sdk" */;
			productName = FirebaseAuth;
		};
		A50000000000000000000002 /* FirebaseFirestore */ = {
			isa = XCSwiftPackageProductDependency;
			package = A90000000000000000000001 /* XCRemoteSwiftPackageReference "firebase-ios-sdk" */;
			productName = FirebaseFirestore;
		};
		A50000000000000000000003 /* FirebaseMessaging */ = {
			isa = XCSwiftPackageProductDependency;
			package = A90000000000000000000001 /* XCRemoteSwiftPackageReference "firebase-ios-sdk" */;
			productName = FirebaseMessaging;
		};
		A50000000000000000000004 /* FirebaseFunctions */ = {
			isa = XCSwiftPackageProductDependency;
			package = A90000000000000000000001 /* XCRemoteSwiftPackageReference "firebase-ios-sdk" */;
			productName = FirebaseFunctions;
		};
		A50000000000000000000005 /* FirebaseCore */ = {
			isa = XCSwiftPackageProductDependency;
			package = A90000000000000000000001 /* XCRemoteSwiftPackageReference "firebase-ios-sdk" */;
			productName = FirebaseCore;
		};
		A50000000000000000000006 /* FirebaseStorage */ = {
			isa = XCSwiftPackageProductDependency;
			package = A90000000000000000000001 /* XCRemoteSwiftPackageReference "firebase-ios-sdk" */;
			productName = FirebaseStorage;
		};
		A50000000000000000000007 /* GoogleMaps */ = {
			isa = XCSwiftPackageProductDependency;
			package = A90000000000000000000002 /* XCRemoteSwiftPackageReference "ios-maps-sdk" */;
			productName = GoogleMaps;
		};
/* End XCSwiftPackageProductDependency section */
	};
	rootObject = A70000000000000000000001 /* Project object */;
}
